
Microsoft Visual Studio Solution File, Format Version 12.00
# Visual Studio Version 17
VisualStudioVersion = 17.2.32519.379
MinimumVisualStudioVersion = 10.0.40219.1
Project("{FAE04EC0-301F-11D3-BF4B-00C04F79EFBC}") = "Client", "Client.csproj", "{CE226395-10AF-4DB6-B8E4-15D656177FFB}"
EndProject
Project("{FAE04EC0-301F-11D3-BF4B-00C04F79EFBC}") = "Server", "..\Server\Server.csproj", "{4385BD79-B8A2-42C3-9365-B9C56F488ABB}"
EndProject
Global
	GlobalSection(SolutionConfigurationPlatforms) = preSolution
		Debug|Any CPU = Debug|Any CPU
		Release|Any CPU = Release|Any CPU
	EndGlobalSection
	GlobalSection(ProjectConfigurationPlatforms) = postSolution
		{CE226395-10AF-4DB6-B8E4-15D656177FFB}.Debug|Any CPU.ActiveCfg = Debug|Any CPU
		{CE226395-10AF-4DB6-B8E4-15D656177FFB}.Debug|Any CPU.Build.0 = Debug|Any CPU
		{CE226395-10AF-4DB6-B8E4-15D656177FFB}.Release|Any CPU.ActiveCfg = Release|Any CPU
		{CE226395-10AF-4DB6-B8E4-15D656177FFB}.Release|Any CPU.Build.0 = Release|Any CPU
		{4385BD79-B8A2-42C3-9365-B9C56F488ABB}.Debug|Any CPU.ActiveCfg = Debug|Any CPU
		{4385BD79-B8A2-42C3-9365-B9C56F488ABB}.Debug|Any CPU.Build.0 = Debug|Any CPU
		{4385BD79-B8A2-42C3-9365-B9C56F488ABB}.Release|Any CPU.ActiveCfg = Release|Any CPU
		{4385BD79-B8A2-42C3-9365-B9C56F488ABB}.Release|Any CPU.Build.0 = Release|Any CPU
	EndGlobalSection
	GlobalSection(SolutionProperties) = preSolution
		HideSolutionNode = FALSE
	EndGlobalSection
	GlobalSection(ExtensibilityGlobals) = postSolution
		SolutionGuid = {3B63CD5B-88B5-483A-AD66-E1AE70EBB728}
	EndGlobalSection
EndGlobal
